// !$*UTF8*$!
{
	archiveVersion = 1;
	classes = {
	};
	objectVersion = 46;
	objects = {

/* Begin PBXBuildFile section */
		EC334E7B1B5D3F9E0069E713 /* main.m in Sources */ = {isa = PBXBuildFile; fileRef = EC334E7A1B5D3F9E0069E713 /* main.m */; };
		EC334E7E1B5D3F9E0069E713 /* AppDelegate.m in Sources */ = {isa = PBXBuildFile; fileRef = EC334E7D1B5D3F9E0069E713 /* AppDelegate.m */; };
		EC334E811B5D3F9E0069E713 /* MasterViewController.m in Sources */ = {isa = PBXBuildFile; fileRef = EC334E801B5D3F9E0069E713 /* MasterViewController.m */; };
		EC334E841B5D3F9E0069E713 /* DetailViewController.m in Sources */ = {isa = PBXBuildFile; fileRef = EC334E831B5D3F9E0069E713 /* DetailViewController.m */; };
		EC334E871B5D3F9E0069E713 /* Main.storyboard in Resources */ = {isa = PBXBuildFile; fileRef = EC334E851B5D3F9E0069E713 /* Main.storyboard */; };
		EC334E891B5D3F9E0069E713 /* Images.xcassets in Resources */ = {isa = PBXBuildFile; fileRef = EC334E881B5D3F9E0069E713 /* Images.xcassets */; };
		EC334E8C1B5D3F9E0069E713 /* LaunchScreen.xib in Resources */ = {isa = PBXBuildFile; fileRef = EC334E8A1B5D3F9E0069E713 /* LaunchScreen.xib */; };
		EC334E981B5D3F9E0069E713 /* DemoTests.m in Sources */ = {isa = PBXBuildFile; fileRef = EC334E971B5D3F9E0069E713 /* DemoTests.m */; };
		EC334EAF1B5D47410069E713 /* Model.xcdatamodeld in Sources */ = {isa = PBXBuildFile; fileRef = EC334EAD1B5D47410069E713 /* Model.xcdatamodeld */; };
		EC334EEE1B5D5FAD0069E713 /* CoreData+MH.m in Sources */ = {isa = PBXBuildFile; fileRef = EC334EE81B5D5FAD0069E713 /* CoreData+MH.m */; };
		EC334EEF1B5D5FAD0069E713 /* MHFetchedResultsViewController.m in Sources */ = {isa = PBXBuildFile; fileRef = EC334EEB1B5D5FAD0069E713 /* MHFetchedResultsViewController.m */; };
		EC334EF01B5D5FAD0069E713 /* MHPersistentStoreBridge.m in Sources */ = {isa = PBXBuildFile; fileRef = EC334EED1B5D5FAD0069E713 /* MHPersistentStoreBridge.m */; };
/* End PBXBuildFile section */

/* Begin PBXContainerItemProxy section */
		EC334E921B5D3F9E0069E713 /* PBXContainerItemProxy */ = {
			isa = PBXContainerItemProxy;
			containerPortal = EC334E6D1B5D3F9E0069E713 /* Project object */;
			proxyType = 1;
			remoteGlobalIDString = EC334E741B5D3F9E0069E713;
			remoteInfo = Demo;
		};
/* End PBXContainerItemProxy section */

/* Begin PBXFileReference section */
		EC334E751B5D3F9E0069E713 /* Demo.app */ = {isa = PBXFileReference; explicitFileType = wrapper.application; includeInIndex = 0; path = Demo.app; sourceTree = BUILT_PRODUCTS_DIR; };
		EC334E791B5D3F9E0069E713 /* Info.plist */ = {isa = PBXFileReference; lastKnownFileType = text.plist.xml; path = Info.plist; sourceTree = "<group>"; };
		EC334E7A1B5D3F9E0069E713 /* main.m */ = {isa = PBXFileReference; lastKnownFileType = sourcecode.c.objc; path = main.m; sourceTree = "<group>"; };
		EC334E7C1B5D3F9E0069E713 /* AppDelegate.h */ = {isa = PBXFileReference; lastKnownFileType = sourcecode.c.h; path = AppDelegate.h; sourceTree = "<group>"; };
		EC334E7D1B5D3F9E0069E713 /* AppDelegate.m */ = {isa = PBXFileReference; lastKnownFileType = sourcecode.c.objc; path = AppDelegate.m; sourceTree = "<group>"; };
		EC334E7F1B5D3F9E0069E713 /* MasterViewController.h */ = {isa = PBXFileReference; lastKnownFileType = sourcecode.c.h; path = MasterViewController.h; sourceTree = "<group>"; };
		EC334E801B5D3F9E0069E713 /* MasterViewController.m */ = {isa = PBXFileReference; lastKnownFileType = sourcecode.c.objc; path = MasterViewController.m; sourceTree = "<group>"; };
		EC334E821B5D3F9E0069E713 /* DetailViewController.h */ = {isa = PBXFileReference; lastKnownFileType = sourcecode.c.h; path = DetailViewController.h; sourceTree = "<group>"; };
		EC334E831B5D3F9E0069E713 /* DetailViewController.m */ = {isa = PBXFileReference; lastKnownFileType = sourcecode.c.objc; path = DetailViewController.m; sourceTree = "<group>"; };
		EC334E861B5D3F9E0069E713 /* Base */ = {isa = PBXFileReference; lastKnownFileType = file.storyboard; name = Base; path = Base.lproj/Main.storyboard; sourceTree = "<group>"; };
		EC334E881B5D3F9E0069E713 /* Images.xcassets */ = {isa = PBXFileReference; lastKnownFileType = folder.assetcatalog; path = Images.xcassets; sourceTree = "<group>"; };
		EC334E8B1B5D3F9E0069E713 /* Base */ = {isa = PBXFileReference; lastKnownFileType = file.xib; name = Base; path = Base.lproj/LaunchScreen.xib; sourceTree = "<group>"; };
		EC334E911B5D3F9E0069E713 /* DemoTests.xctest */ = {isa = PBXFileReference; explicitFileType = wrapper.cfbundle; includeInIndex = 0; path = DemoTests.xctest; sourceTree = BUILT_PRODUCTS_DIR; };
		EC334E961B5D3F9E0069E713 /* Info.plist */ = {isa = PBXFileReference; lastKnownFileType = text.plist.xml; path = Info.plist; sourceTree = "<group>"; };
		EC334E971B5D3F9E0069E713 /* DemoTests.m */ = {isa = PBXFileReference; lastKnownFileType = sourcecode.c.objc; path = DemoTests.m; sourceTree = "<group>"; };
		EC334EAE1B5D47410069E713 /* Model.xcdatamodel */ = {isa = PBXFileReference; lastKnownFileType = wrapper.xcdatamodel; path = Model.xcdatamodel; sourceTree = "<group>"; };
		EC334EE71B5D5FAD0069E713 /* CoreData+MH.h */ = {isa = PBXFileReference; fileEncoding = 4; lastKnownFileType = sourcecode.c.h; name = "CoreData+MH.h"; path = "../MHData/CoreData+MH.h"; sourceTree = "<group>"; };
		EC334EE81B5D5FAD0069E713 /* CoreData+MH.m */ = {isa = PBXFileReference; fileEncoding = 4; lastKnownFileType = sourcecode.c.objc; name = "CoreData+MH.m"; path = "../MHData/CoreData+MH.m"; sourceTree = "<group>"; };
		EC334EE91B5D5FAD0069E713 /* MHData.h */ = {isa = PBXFileReference; fileEncoding = 4; lastKnownFileType = sourcecode.c.h; name = MHData.h; path = ../MHData/MHData.h; sourceTree = "<group>"; };
		EC334EEA1B5D5FAD0069E713 /* MHFetchedResultsViewController.h */ = {isa = PBXFileReference; fileEncoding = 4; lastKnownFileType = sourcecode.c.h; name = MHFetchedResultsViewController.h; path = ../MHData/MHFetchedResultsViewController.h; sourceTree = "<group>"; };
		EC334EEB1B5D5FAD0069E713 /* MHFetchedResultsViewController.m */ = {isa = PBXFileReference; fileEncoding = 4; lastKnownFileType = sourcecode.c.objc; name = MHFetchedResultsViewController.m; path = ../MHData/MHFetchedResultsViewController.m; sourceTree = "<group>"; };
		EC334EEC1B5D5FAD0069E713 /* MHPersistentStoreBridge.h */ = {isa = PBXFileReference; fileEncoding = 4; lastKnownFileType = sourcecode.c.h; name = MHPersistentStoreBridge.h; path = ../MHData/MHPersistentStoreBridge.h; sourceTree = "<group>"; };
		EC334EED1B5D5FAD0069E713 /* MHPersistentStoreBridge.m */ = {isa = PBXFileReference; fileEncoding = 4; lastKnownFileType = sourcecode.c.objc; name = MHPersistentStoreBridge.m; path = ../MHData/MHPersistentStoreBridge.m; sourceTree = "<group>"; };
/* End PBXFileReference section */

/* Begin PBXFrameworksBuildPhase section */
		EC334E721B5D3F9E0069E713 /* Frameworks */ = {
			isa = PBXFrameworksBuildPhase;
			buildActionMask = 2147483647;
			files = (
			);
			runOnlyForDeploymentPostprocessing = 0;
		};
		EC334E8E1B5D3F9E0069E713 /* Frameworks */ = {
			isa = PBXFrameworksBuildPhase;
			buildActionMask = 2147483647;
			files = (
			);
			runOnlyForDeploymentPostprocessing = 0;
		};
/* End PBXFrameworksBuildPhase section */

/* Begin PBXGroup section */
		EC334E6C1B5D3F9E0069E713 = {
			isa = PBXGroup;
			children = (
				EC334EA31B5D44140069E713 /* Source */,
				EC334E771B5D3F9E0069E713 /* Demo */,
				EC334E941B5D3F9E0069E713 /* DemoTests */,
				EC334E761B5D3F9E0069E713 /* Products */,
			);
			sourceTree = "<group>";
		};
		EC334E761B5D3F9E0069E713 /* Products */ = {
			isa = PBXGroup;
			children = (
				EC334E751B5D3F9E0069E713 /* Demo.app */,
				EC334E911B5D3F9E0069E713 /* DemoTests.xctest */,
			);
			name = Products;
			sourceTree = "<group>";
		};
		EC334E771B5D3F9E0069E713 /* Demo */ = {
			isa = PBXGroup;
			children = (
				EC334E7C1B5D3F9E0069E713 /* AppDelegate.h */,
				EC334E7D1B5D3F9E0069E713 /* AppDelegate.m */,
				EC334E7F1B5D3F9E0069E713 /* MasterViewController.h */,
				EC334E801B5D3F9E0069E713 /* MasterViewController.m */,
				EC334E821B5D3F9E0069E713 /* DetailViewController.h */,
				EC334E831B5D3F9E0069E713 /* DetailViewController.m */,
				EC334E851B5D3F9E0069E713 /* Main.storyboard */,
				EC334E881B5D3F9E0069E713 /* Images.xcassets */,
				EC334E8A1B5D3F9E0069E713 /* LaunchScreen.xib */,
				EC334E781B5D3F9E0069E713 /* Supporting Files */,
				EC334EAD1B5D47410069E713 /* Model.xcdatamodeld */,
			);
			path = Demo;
			sourceTree = "<group>";
		};
		EC334E781B5D3F9E0069E713 /* Supporting Files */ = {
			isa = PBXGroup;
			children = (
				EC334E791B5D3F9E0069E713 /* Info.plist */,
				EC334E7A1B5D3F9E0069E713 /* main.m */,
			);
			name = "Supporting Files";
			sourceTree = "<group>";
		};
		EC334E941B5D3F9E0069E713 /* DemoTests */ = {
			isa = PBXGroup;
			children = (
				EC334E971B5D3F9E0069E713 /* DemoTests.m */,
				EC334E951B5D3F9E0069E713 /* Supporting Files */,
			);
			path = DemoTests;
			sourceTree = "<group>";
		};
		EC334E951B5D3F9E0069E713 /* Supporting Files */ = {
			isa = PBXGroup;
			children = (
				EC334E961B5D3F9E0069E713 /* Info.plist */,
			);
			name = "Supporting Files";
			sourceTree = "<group>";
		};
		EC334EA31B5D44140069E713 /* Source */ = {
			isa = PBXGroup;
			children = (
				EC334EE71B5D5FAD0069E713 /* CoreData+MH.h */,
				EC334EE81B5D5FAD0069E713 /* CoreData+MH.m */,
				EC334EE91B5D5FAD0069E713 /* MHData.h */,
				EC334EEA1B5D5FAD0069E713 /* MHFetchedResultsViewController.h */,
				EC334EEB1B5D5FAD0069E713 /* MHFetchedResultsViewController.m */,
				EC334EEC1B5D5FAD0069E713 /* MHPersistentStoreBridge.h */,
				EC334EED1B5D5FAD0069E713 /* MHPersistentStoreBridge.m */,
			);
			name = Source;
			path = ../Source;
			sourceTree = "<group>";
		};
/* End PBXGroup section */

/* Begin PBXNativeTarget section */
		EC334E741B5D3F9E0069E713 /* Demo */ = {
			isa = PBXNativeTarget;
			buildConfigurationList = EC334E9B1B5D3F9E0069E713 /* Build configuration list for PBXNativeTarget "Demo" */;
			buildPhases = (
				EC334E711B5D3F9E0069E713 /* Sources */,
				EC334E721B5D3F9E0069E713 /* Frameworks */,
				EC334E731B5D3F9E0069E713 /* Resources */,
			);
			buildRules = (
			);
			dependencies = (
			);
			name = Demo;
			productName = Demo;
			productReference = EC334E751B5D3F9E0069E713 /* Demo.app */;
			productType = "com.apple.product-type.application";
		};
		EC334E901B5D3F9E0069E713 /* DemoTests */ = {
			isa = PBXNativeTarget;
			buildConfigurationList = EC334E9E1B5D3F9E0069E713 /* Build configuration list for PBXNativeTarget "DemoTests" */;
			buildPhases = (
				EC334E8D1B5D3F9E0069E713 /* Sources */,
				EC334E8E1B5D3F9E0069E713 /* Frameworks */,
				EC334E8F1B5D3F9E0069E713 /* Resources */,
			);
			buildRules = (
			);
			dependencies = (
				EC334E931B5D3F9E0069E713 /* PBXTargetDependency */,
			);
			name = DemoTests;
			productName = DemoTests;
			productReference = EC334E911B5D3F9E0069E713 /* DemoTests.xctest */;
			productType = "com.apple.product-type.bundle.unit-test";
		};
/* End PBXNativeTarget section */

/* Begin PBXProject section */
		EC334E6D1B5D3F9E0069E713 /* Project object */ = {
			isa = PBXProject;
			attributes = {
				LastUpgradeCheck = 0640;
				ORGANIZATIONNAME = "Malcolm Hall";
				TargetAttributes = {
					EC334E741B5D3F9E0069E713 = {
						CreatedOnToolsVersion = 6.4;
					};
					EC334E901B5D3F9E0069E713 = {
						CreatedOnToolsVersion = 6.4;
						TestTargetID = EC334E741B5D3F9E0069E713;
					};
				};
			};
			buildConfigurationList = EC334E701B5D3F9E0069E713 /* Build configuration list for PBXProject "Demo" */;
			compatibilityVersion = "Xcode 3.2";
			developmentRegion = English;
			hasScannedForEncodings = 0;
			knownRegions = (
				en,
				Base,
			);
			mainGroup = EC334E6C1B5D3F9E0069E713;
			productRefGroup = EC334E761B5D3F9E0069E713 /* Products */;
			projectDirPath = "";
			projectRoot = "";
			targets = (
				EC334E741B5D3F9E0069E713 /* Demo */,
				EC334E901B5D3F9E0069E713 /* DemoTests */,
			);
		};
/* End PBXProject section */

/* Begin PBXResourcesBuildPhase section */
		EC334E731B5D3F9E0069E713 /* Resources */ = {
			isa = PBXResourcesBuildPhase;
			buildActionMask = 2147483647;
			files = (
				EC334E871B5D3F9E0069E713 /* Main.storyboard in Resources */,
				EC334E8C1B5D3F9E0069E713 /* LaunchScreen.xib in Resources */,
				EC334E891B5D3F9E0069E713 /* Images.xcassets in Resources */,
			);
			runOnlyForDeploymentPostprocessing = 0;
		};
		EC334E8F1B5D3F9E0069E713 /* Resources */ = {
			isa = PBXResourcesBuildPhase;
			buildActionMask = 2147483647;
			files = (
			);
			runOnlyForDeploymentPostprocessing = 0;
		};
/* End PBXResourcesBuildPhase section */

/* Begin PBXSourcesBuildPhase section */
		EC334E711B5D3F9E0069E713 /* Sources */ = {
			isa = PBXSourcesBuildPhase;
			buildActionMask = 2147483647;
			files = (
				EC334E7E1B5D3F9E0069E713 /* AppDelegate.m in Sources */,
				EC334EEE1B5D5FAD0069E713 /* CoreData+MH.m in Sources */,
				EC334E811B5D3F9E0069E713 /* MasterViewController.m in Sources */,
				EC334EEF1B5D5FAD0069E713 /* MHFetchedResultsViewController.m in Sources */,
				EC334EF01B5D5FAD0069E713 /* MHPersistentStoreBridge.m in Sources */,
				EC334EAF1B5D47410069E713 /* Model.xcdatamodeld in Sources */,
				EC334E7B1B5D3F9E0069E713 /* main.m in Sources */,
				EC334E841B5D3F9E0069E713 /* DetailViewController.m in Sources */,
			);
			runOnlyForDeploymentPostprocessing = 0;
		};
		EC334E8D1B5D3F9E0069E713 /* Sources */ = {
			isa = PBXSourcesBuildPhase;
			buildActionMask = 2147483647;
			files = (
				EC334E981B5D3F9E0069E713 /* DemoTests.m in Sources */,
			);
			runOnlyForDeploymentPostprocessing = 0;
		};
/* End PBXSourcesBuildPhase section */

/* Begin PBXTargetDependency section */
		EC334E931B5D3F9E0069E713 /* PBXTargetDependency */ = {
			isa = PBXTargetDependency;
			target = EC334E741B5D3F9E0069E713 /* Demo */;
			targetProxy = EC334E921B5D3F9E0069E713 /* PBXContainerItemProxy */;
		};
/* End PBXTargetDependency section */

/* Begin PBXVariantGroup section */
		EC334E851B5D3F9E0069E713 /* Main.storyboard */ = {
			isa = PBXVariantGroup;
			children = (
				EC334E861B5D3F9E0069E713 /* Base */,
			);
			name = Main.storyboard;
			sourceTree = "<group>";
		};
		EC334E8A1B5D3F9E0069E713 /* LaunchScreen.xib */ = {
			isa = PBXVariantGroup;
			children = (
				EC334E8B1B5D3F9E0069E713 /* Base */,
			);
			name = LaunchScreen.xib;
			sourceTree = "<group>";
		};
/* End PBXVariantGroup section */

/* Begin XCBuildConfiguration section */
		EC334E991B5D3F9E0069E713 /* Debug */ = {
			isa = XCBuildConfiguration;
			buildSettings = {
				ALWAYS_SEARCH_USER_PATHS = NO;
				CLANG_CXX_LANGUAGE_STANDARD = "gnu++0x";
				CLANG_CXX_LIBRARY = "libc++";
				CLANG_ENABLE_MODULES = YES;
				CLANG_ENABLE_OBJC_ARC = YES;
				CLANG_WARN_BOOL_CONVERSION = YES;
				CLANG_WARN_CONSTANT_CONVERSION = YES;
				CLANG_WARN_DIRECT_OBJC_ISA_USAGE = YES_ERROR;
				CLANG_WARN_EMPTY_BODY = YES;
				CLANG_WARN_ENUM_CONVERSION = YES;
				CLANG_WARN_INT_CONVERSION = YES;
				CLANG_WARN_OBJC_ROOT_CLASS = YES_ERROR;
				CLANG_WARN_UNREACHABLE_CODE = YES;
				CLANG_WARN__DUPLICATE_METHOD_MATCH = YES;
				"CODE_SIGN_IDENTITY[sdk=iphoneos*]" = "iPhone Developer";
				COPY_PHASE_STRIP = NO;
				DEBUG_INFORMATION_FORMAT = "dwarf-with-dsym";
				ENABLE_STRICT_OBJC_MSGSEND = YES;
				GCC_C_LANGUAGE_STANDARD = gnu99;
				GCC_DYNAMIC_NO_PIC = NO;
				GCC_NO_COMMON_BLOCKS = YES;
				GCC_OPTIMIZATION_LEVEL = 0;
				GCC_PREPROCESSOR_DEFINITIONS = (
					"DEBUG=1",
					"$(inherited)",
				);
				GCC_SYMBOLS_PRIVATE_EXTERN = NO;
				GCC_WARN_64_TO_32_BIT_CONVERSION = YES;
				GCC_WARN_ABOUT_RETURN_TYPE = YES_ERROR;
				GCC_WARN_UNDECLARED_SELECTOR = YES;
				GCC_WARN_UNINITIALIZED_AUTOS = YES_AGGRESSIVE;
				GCC_WARN_UNUSED_FUNCTION = YES;
				GCC_WARN_UNUSED_VARIABLE = YES;
				IPHONEOS_DEPLOYMENT_TARGET = 8.4;
				MTL_ENABLE_DEBUG_INFO = YES;
				ONLY_ACTIVE_ARCH = YES;
				SDKROOT = iphoneos;
			};
			name = Debug;
		};
		EC334E9A1B5D3F9E0069E713 /* Release */ = {
			isa = XCBuildConfiguration;
			buildSettings = {
				ALWAYS_SEARCH_USER_PATHS = NO;
				CLANG_CXX_LANGUAGE_STANDARD = "gnu++0x";
				CLANG_CXX_LIBRARY = "libc++";
				CLANG_ENABLE_MODULES = YES;
				CLANG_ENABLE_OBJC_ARC = YES;
				CLANG_WARN_BOOL_CONVERSION = YES;
				CLANG_WARN_CONSTANT_CONVERSION = YES;
				CLANG_WARN_DIRECT_OBJC_ISA_USAGE = YES_ERROR;
				CLANG_WARN_EMPTY_BODY = YES;
				CLANG_WARN_ENUM_CONVERSION = YES;
				CLANG_WARN_INT_CONVERSION = YES;
				CLANG_WARN_OBJC_ROOT_CLASS = YES_ERROR;
				CLANG_WARN_UNREACHABLE_CODE = YES;
				CLANG_WARN__DUPLICATE_METHOD_MATCH = YES;
				"CODE_SIGN_IDENTITY[sdk=iphoneos*]" = "iPhone Developer";
				COPY_PHASE_STRIP = NO;
				DEBUG_INFORMATION_FORMAT = "dwarf-with-dsym";
				ENABLE_NS_ASSERTIONS = NO;
				ENABLE_STRICT_OBJC_MSGSEND = YES;
				GCC_C_LANGUAGE_STANDARD = gnu99;
				GCC_NO_COMMON_BLOCKS = YES;
				GCC_WARN_64_TO_32_BIT_CONVERSION = YES;
				GCC_WARN_ABOUT_RETURN_TYPE = YES_ERROR;
				GCC_WARN_UNDECLARED_SELECTOR = YES;
				GCC_WARN_UNINITIALIZED_AUTOS = YES_AGGRESSIVE;
				GCC_WARN_UNUSED_FUNCTION = YES;
				GCC_WARN_UNUSED_VARIABLE = YES;
				IPHONEOS_DEPLOYMENT_TARGET = 8.4;
				MTL_ENABLE_DEBUG_INFO = NO;
				SDKROOT = iphoneos;
				VALIDATE_PRODUCT = YES;
			};
			name = Release;
		};
		EC334E9C1B5D3F9E0069E713 /* Debug */ = {
			isa = XCBuildConfiguration;
			buildSettings = {
				ASSETCATALOG_COMPILER_APPICON_NAME = AppIcon;
				INFOPLIST_FILE = Demo/Info.plist;
				LD_RUNPATH_SEARCH_PATHS = "$(inherited) @executable_path/Frameworks";
				PRODUCT_NAME = "$(TARGET_NAME)";
			};
			name = Debug;
		};
		EC334E9D1B5D3F9E0069E713 /* Release */ = {
			isa = XCBuildConfiguration;
			buildSettings = {
				ASSETCATALOG_COMPILER_APPICON_NAME = AppIcon;
				INFOPLIST_FILE = Demo/Info.plist;
				LD_RUNPATH_SEARCH_PATHS = "$(inherited) @executable_path/Frameworks";
				PRODUCT_NAME = "$(TARGET_NAME)";
			};
			name = Release;
		};
		EC334E9F1B5D3F9E0069E713 /* Debug */ = {
			isa = XCBuildConfiguration;
			buildSettings = {
				BUNDLE_LOADER = "$(TEST_HOST)";
				FRAMEWORK_SEARCH_PATHS = (
					"$(SDKROOT)/Developer/Library/Frameworks",
					"$(inherited)",
				);
				GCC_PREPROCESSOR_DEFINITIONS = (
					"DEBUG=1",
					"$(inherited)",
				);
				INFOPLIST_FILE = DemoTests/Info.plist;
				LD_RUNPATH_SEARCH_PATHS = "$(inherited) @executable_path/Frameworks @loader_path/Frameworks";
				PRODUCT_NAME = "$(TARGET_NAME)";
				TEST_HOST = "$(BUILT_PRODUCTS_DIR)/Demo.app/Demo";
			};
			name = Debug;
		};
		EC334EA01B5D3F9E0069E713 /* Release */ = {
			isa = XCBuildConfiguration;
			buildSettings = {
				BUNDLE_LOADER = "$(TEST_HOST)";
				FRAMEWORK_SEARCH_PATHS = (
					"$(SDKROOT)/Developer/Library/Frameworks",
					"$(inherited)",
				);
				INFOPLIST_FILE = DemoTests/Info.plist;
				LD_RUNPATH_SEARCH_PATHS = "$(inherited) @executable_path/Frameworks @loader_path/Frameworks";
				PRODUCT_NAME = "$(TARGET_NAME)";
				TEST_HOST = "$(BUILT_PRODUCTS_DIR)/Demo.app/Demo";
			};
			name = Release;
		};
/* End XCBuildConfiguration section */

/* Begin XCConfigurationList section */
		EC334E701B5D3F9E0069E713 /* Build configuration list for PBXProject "Demo" */ = {
			isa = XCConfigurationList;
			buildConfigurations = (
				EC334E991B5D3F9E0069E713 /* Debug */,
				EC334E9A1B5D3F9E0069E713 /* Release */,
			);
			defaultConfigurationIsVisible = 0;
			defaultConfigurationName = Release;
		};
		EC334E9B1B5D3F9E0069E713 /* Build configuration list for PBXNativeTarget "Demo" */ = {
			isa = XCConfigurationList;
			buildConfigurations = (
				EC334E9C1B5D3F9E0069E713 /* Debug */,
				EC334E9D1B5D3F9E0069E713 /* Release */,
			);
			defaultConfigurationIsVisible = 0;
		};
		EC334E9E1B5D3F9E0069E713 /* Build configuration list for PBXNativeTarget "DemoTests" */ = {
			isa = XCConfigurationList;
			buildConfigurations = (
				EC334E9F1B5D3F9E0069E713 /* Debug */,
				EC334EA01B5D3F9E0069E713 /* Release */,
			);
			defaultConfigurationIsVisible = 0;
		};
/* End XCConfigurationList section */

/* Begin XCVersionGroup section */
		EC334EAD1B5D47410069E713 /* Model.xcdatamodeld */ = {
			isa = XCVersionGroup;
			children = (
				EC334EAE1B5D47410069E713 /* Model.xcdatamodel */,
			);
			currentVersion = EC334EAE1B5D47410069E713 /* Model.xcdatamodel */;
			path = Model.xcdatamodeld;
			sourceTree = "<group>";
			versionGroupType = wrapper.xcdatamodel;
		};
/* End XCVersionGroup section */
	};
	rootObject = EC334E6D1B5D3F9E0069E713 /* Project object */;
}
